{
  "nodes": {
    "nixpkgs": {
      "locked": {
        "lastModified": 1751637120,
        "narHash": "sha256-xVNy/XopSfIG9c46nRmPaKfH1Gn/56vQ8++xWA8itO4=",
        "owner": "nixos",
        "repo": "nixpkgs",
        "rev": "5c724ed1388e53cc231ed98330a60eb2f7be4be3",
        "type": "github"
      },
      "original": {
        "owner": "nixos",
        "ref": "nixos-unstable",
        "repo": "nixpkgs",
        "type": "github"
      }
    },
    "root": {
      "inputs": {
        "nixpkgs": "nixpkgs",
        "rust-overlay": "rust-overlay"
      }
    },
    "rust-overlay": {
      "inputs": {
        "nixpkgs": [
          "nixpkgs"
        ]
      },
      "locked": {
        "lastModified": 1747103809,
        "narHash": "sha256-a3Yk+CoFmNw7V8J/si/AM8WuI/qTxQhiJpuQ7HFl774=",
        "owner": "oxalica",
        "repo": "rust-overlay",
        "rev": "fe36c63649875f391949e8b2ec33949d0cd8aa95",
        "type": "github"
      },
      "original": {
        "owner": "oxalica",
        "repo": "rust-overlay",
        "rev": "fe36c63649875f391949e8b2ec33949d0cd8aa95",
        "type": "github"
      }
    }
  },
  "root": "root",
  "version": 7
}
